// !$*UTF8*$!
{
	archiveVersion = 1;
	classes = {
	};
	objectVersion = 51;
	objects = {

/* Begin PBXBuildFile section */
		1D1350D97A9633AEEABDA498 /* Pods_DouYuZB.framework in Frameworks */ = {isa = PBXBuildFile; fileRef = 5CCDA38E762495981B916D14 /* Pods_DouYuZB.framework */; };
		44219F3A24B6F60E0008F7B1 /* DYPageContentView.swift in Sources */ = {isa = PBXBuildFile; fileRef = 44219F3924B6F60E0008F7B1 /* DYPageContentView.swift */; };
		44219F3C24B70F270008F7B1 /* UIColor+Extention.swift in Sources */ = {isa = PBXBuildFile; fileRef = 44219F3B24B70F270008F7B1 /* UIColor+Extention.swift */; };
		44219F3F24C192FD0008F7B1 /* DYRecommendViewController.swift in Sources */ = {isa = PBXBuildFile; fileRef = 44219F3E24C192FD0008F7B1 /* DYRecommendViewController.swift */; };
		44219F4224C57C1E0008F7B1 /* DYCollectionHeaderView.swift in Sources */ = {isa = PBXBuildFile; fileRef = 44219F4024C57C1E0008F7B1 /* DYCollectionHeaderView.swift */; };
		44219F4324C57C1E0008F7B1 /* DYCollectionHeaderView.xib in Resources */ = {isa = PBXBuildFile; fileRef = 44219F4124C57C1E0008F7B1 /* DYCollectionHeaderView.xib */; };
		44219F4624C580D20008F7B1 /* DYCollectionNormalCell.swift in Sources */ = {isa = PBXBuildFile; fileRef = 44219F4424C580D20008F7B1 /* DYCollectionNormalCell.swift */; };
		44219F4724C580D20008F7B1 /* DYCollectionNormalCell.xib in Resources */ = {isa = PBXBuildFile; fileRef = 44219F4524C580D20008F7B1 /* DYCollectionNormalCell.xib */; };
		44219F4A24C588030008F7B1 /* DYCollectionPrettyCell.swift in Sources */ = {isa = PBXBuildFile; fileRef = 44219F4824C588030008F7B1 /* DYCollectionPrettyCell.swift */; };
		44219F4B24C588030008F7B1 /* DYCollectionPrettyCell.xib in Resources */ = {isa = PBXBuildFile; fileRef = 44219F4924C588030008F7B1 /* DYCollectionPrettyCell.xib */; };
		44219F4E24C59CC30008F7B1 /* NetworkTools.swift in Sources */ = {isa = PBXBuildFile; fileRef = 44219F4D24C59CC30008F7B1 /* NetworkTools.swift */; };
		44219F5124C5A7910008F7B1 /* DYRecommendViewModel.swift in Sources */ = {isa = PBXBuildFile; fileRef = 44219F5024C5A7910008F7B1 /* DYRecommendViewModel.swift */; };
		44219F5324C6C37C0008F7B1 /* NSDate+Extention.swift in Sources */ = {isa = PBXBuildFile; fileRef = 44219F5224C6C37C0008F7B1 /* NSDate+Extention.swift */; };
		44219F5524C6CA3B0008F7B1 /* DYAnchorGroup.swift in Sources */ = {isa = PBXBuildFile; fileRef = 44219F5424C6CA3B0008F7B1 /* DYAnchorGroup.swift */; };
		44219F5724C6CD2F0008F7B1 /* DYAnchorModel.swift in Sources */ = {isa = PBXBuildFile; fileRef = 44219F5624C6CD2F0008F7B1 /* DYAnchorModel.swift */; };
		44219F5924C820C20008F7B1 /* DYCollectionBaseCell.swift in Sources */ = {isa = PBXBuildFile; fileRef = 44219F5824C820C20008F7B1 /* DYCollectionBaseCell.swift */; };
		44219F5B24C824F80008F7B1 /* DYRecommendCycleView.swift in Sources */ = {isa = PBXBuildFile; fileRef = 44219F5A24C824F80008F7B1 /* DYRecommendCycleView.swift */; };
		44219F5D24C8251F0008F7B1 /* DYRecommendCycleView.xib in Resources */ = {isa = PBXBuildFile; fileRef = 44219F5C24C8251F0008F7B1 /* DYRecommendCycleView.xib */; };
		4453E00F24CAC58300B35BBB /* DYCycleModel.swift in Sources */ = {isa = PBXBuildFile; fileRef = 4453E00E24CAC58300B35BBB /* DYCycleModel.swift */; };
		44563F7824B5BE0B00D75399 /* DYPageTitleView.swift in Sources */ = {isa = PBXBuildFile; fileRef = 44563F7724B5BE0B00D75399 /* DYPageTitleView.swift */; };
		44563F7C24B5C41400D75399 /* Common.swift in Sources */ = {isa = PBXBuildFile; fileRef = 44563F7B24B5C41400D75399 /* Common.swift */; };
		44DFD33D2418DDDE002F61AC /* AppDelegate.swift in Sources */ = {isa = PBXBuildFile; fileRef = 44DFD33C2418DDDE002F61AC /* AppDelegate.swift */; };
		44DFD33F2418DDDE002F61AC /* SceneDelegate.swift in Sources */ = {isa = PBXBuildFile; fileRef = 44DFD33E2418DDDE002F61AC /* SceneDelegate.swift */; };
		44DFD3462418DDE0002F61AC /* Assets.xcassets in Resources */ = {isa = PBXBuildFile; fileRef = 44DFD3452418DDE0002F61AC /* Assets.xcassets */; };
		44DFD3722418FB4C002F61AC /* Main.storyboard in Resources */ = {isa = PBXBuildFile; fileRef = 44DFD36A2418FB4C002F61AC /* Main.storyboard */; };
		44DFD38B241B8A77002F61AC /* DYMainViewController.swift in Sources */ = {isa = PBXBuildFile; fileRef = 44DFD389241B8A77002F61AC /* DYMainViewController.swift */; };
		44DFD39A241B8AD7002F61AC /* Home.storyboard in Resources */ = {isa = PBXBuildFile; fileRef = 44DFD398241B8AD7002F61AC /* Home.storyboard */; };
		44DFD39D241B8AEB002F61AC /* Live.storyboard in Resources */ = {isa = PBXBuildFile; fileRef = 44DFD39B241B8AEB002F61AC /* Live.storyboard */; };
		44DFD3A0241B8AFD002F61AC /* Follow.storyboard in Resources */ = {isa = PBXBuildFile; fileRef = 44DFD39E241B8AFD002F61AC /* Follow.storyboard */; };
		44DFD3A3241B8B0D002F61AC /* Profile.storyboard in Resources */ = {isa = PBXBuildFile; fileRef = 44DFD3A1241B8B0D002F61AC /* Profile.storyboard */; };
		44DFD3A5241B8B23002F61AC /* DYHomeViewController.swift in Sources */ = {isa = PBXBuildFile; fileRef = 44DFD3A4241B8B23002F61AC /* DYHomeViewController.swift */; };
		44DFD3A8241B910C002F61AC /* UIBarButton+Extention.swift in Sources */ = {isa = PBXBuildFile; fileRef = 44DFD3A7241B910C002F61AC /* UIBarButton+Extention.swift */; };
/* End PBXBuildFile section */

/* Begin PBXFileReference section */
		1D9B1C51326065F867AB057D /* Pods-DouYuZB.release.xcconfig */ = {isa = PBXFileReference; includeInIndex = 1; lastKnownFileType = text.xcconfig; name = "Pods-DouYuZB.release.xcconfig"; path = "Target Support Files/Pods-DouYuZB/Pods-DouYuZB.release.xcconfig"; sourceTree = "<group>"; };
		44219F3924B6F60E0008F7B1 /* DYPageContentView.swift */ = {isa = PBXFileReference; lastKnownFileType = sourcecode.swift; path = DYPageContentView.swift; sourceTree = "<group>"; };
		44219F3B24B70F270008F7B1 /* UIColor+Extention.swift */ = {isa = PBXFileReference; lastKnownFileType = sourcecode.swift; path = "UIColor+Extention.swift"; sourceTree = "<group>"; };
		44219F3E24C192FD0008F7B1 /* DYRecommendViewController.swift */ = {isa = PBXFileReference; lastKnownFileType = sourcecode.swift; path = DYRecommendViewController.swift; sourceTree = "<group>"; };
		44219F4024C57C1E0008F7B1 /* DYCollectionHeaderView.swift */ = {isa = PBXFileReference; lastKnownFileType = sourcecode.swift; path = DYCollectionHeaderView.swift; sourceTree = "<group>"; };
		44219F4124C57C1E0008F7B1 /* DYCollectionHeaderView.xib */ = {isa = PBXFileReference; lastKnownFileType = file.xib; path = DYCollectionHeaderView.xib; sourceTree = "<group>"; };
		44219F4424C580D20008F7B1 /* DYCollectionNormalCell.swift */ = {isa = PBXFileReference; lastKnownFileType = sourcecode.swift; path = DYCollectionNormalCell.swift; sourceTree = "<group>"; };
		44219F4524C580D20008F7B1 /* DYCollectionNormalCell.xib */ = {isa = PBXFileReference; lastKnownFileType = file.xib; path = DYCollectionNormalCell.xib; sourceTree = "<group>"; };
		44219F4824C588030008F7B1 /* DYCollectionPrettyCell.swift */ = {isa = PBXFileReference; lastKnownFileType = sourcecode.swift; path = DYCollectionPrettyCell.swift; sourceTree = "<group>"; };
		44219F4924C588030008F7B1 /* DYCollectionPrettyCell.xib */ = {isa = PBXFileReference; lastKnownFileType = file.xib; path = DYCollectionPrettyCell.xib; sourceTree = "<group>"; };
		44219F4D24C59CC30008F7B1 /* NetworkTools.swift */ = {isa = PBXFileReference; lastKnownFileType = sourcecode.swift; path = NetworkTools.swift; sourceTree = "<group>"; };
		44219F5024C5A7910008F7B1 /* DYRecommendViewModel.swift */ = {isa = PBXFileReference; lastKnownFileType = sourcecode.swift; path = DYRecommendViewModel.swift; sourceTree = "<group>"; };
		44219F5224C6C37C0008F7B1 /* NSDate+Extention.swift */ = {isa = PBXFileReference; lastKnownFileType = sourcecode.swift; path = "NSDate+Extention.swift"; sourceTree = "<group>"; };
		44219F5424C6CA3B0008F7B1 /* DYAnchorGroup.swift */ = {isa = PBXFileReference; lastKnownFileType = sourcecode.swift; path = DYAnchorGroup.swift; sourceTree = "<group>"; };
		44219F5624C6CD2F0008F7B1 /* DYAnchorModel.swift */ = {isa = PBXFileReference; lastKnownFileType = sourcecode.swift; path = DYAnchorModel.swift; sourceTree = "<group>"; };
		44219F5824C820C20008F7B1 /* DYCollectionBaseCell.swift */ = {isa = PBXFileReference; lastKnownFileType = sourcecode.swift; path = DYCollectionBaseCell.swift; sourceTree = "<group>"; };
		44219F5A24C824F80008F7B1 /* DYRecommendCycleView.swift */ = {isa = PBXFileReference; lastKnownFileType = sourcecode.swift; path = DYRecommendCycleView.swift; sourceTree = "<group>"; };
		44219F5C24C8251F0008F7B1 /* DYRecommendCycleView.xib */ = {isa = PBXFileReference; lastKnownFileType = file.xib; path = DYRecommendCycleView.xib; sourceTree = "<group>"; };
		4453E00E24CAC58300B35BBB /* DYCycleModel.swift */ = {isa = PBXFileReference; lastKnownFileType = sourcecode.swift; path = DYCycleModel.swift; sourceTree = "<group>"; };
		44563F7724B5BE0B00D75399 /* DYPageTitleView.swift */ = {isa = PBXFileReference; lastKnownFileType = sourcecode.swift; path = DYPageTitleView.swift; sourceTree = "<group>"; };
		44563F7B24B5C41400D75399 /* Common.swift */ = {isa = PBXFileReference; lastKnownFileType = sourcecode.swift; path = Common.swift; sourceTree = "<group>"; };
		44DFD3392418DDDE002F61AC /* DouYuZB.app */ = {isa = PBXFileReference; explicitFileType = wrapper.application; includeInIndex = 0; path = DouYuZB.app; sourceTree = BUILT_PRODUCTS_DIR; };
		44DFD33C2418DDDE002F61AC /* AppDelegate.swift */ = {isa = PBXFileReference; lastKnownFileType = sourcecode.swift; path = AppDelegate.swift; sourceTree = "<group>"; };
		44DFD33E2418DDDE002F61AC /* SceneDelegate.swift */ = {isa = PBXFileReference; lastKnownFileType = sourcecode.swift; path = SceneDelegate.swift; sourceTree = "<group>"; };
		44DFD3452418DDE0002F61AC /* Assets.xcassets */ = {isa = PBXFileReference; lastKnownFileType = folder.assetcatalog; path = Assets.xcassets; sourceTree = "<group>"; };
		44DFD34A2418DDE0002F61AC /* Info.plist */ = {isa = PBXFileReference; lastKnownFileType = text.plist.xml; path = Info.plist; sourceTree = "<group>"; };
		44DFD36B2418FB4C002F61AC /* Base */ = {isa = PBXFileReference; lastKnownFileType = file.storyboard; name = Base; path = DouYuZB/Base.lproj/Main.storyboard; sourceTree = SOURCE_ROOT; };
		44DFD389241B8A77002F61AC /* DYMainViewController.swift */ = {isa = PBXFileReference; fileEncoding = 4; lastKnownFileType = sourcecode.swift; path = DYMainViewController.swift; sourceTree = "<group>"; };
		44DFD399241B8AD7002F61AC /* Base */ = {isa = PBXFileReference; lastKnownFileType = file.storyboard; name = Base; path = DouYuZB/Base.lproj/Home.storyboard; sourceTree = SOURCE_ROOT; };
		44DFD39C241B8AEB002F61AC /* Base */ = {isa = PBXFileReference; lastKnownFileType = file.storyboard; name = Base; path = DouYuZB/Base.lproj/Live.storyboard; sourceTree = SOURCE_ROOT; };
		44DFD39F241B8AFD002F61AC /* Base */ = {isa = PBXFileReference; lastKnownFileType = file.storyboard; name = Base; path = DouYuZB/Base.lproj/Follow.storyboard; sourceTree = SOURCE_ROOT; };
		44DFD3A2241B8B0D002F61AC /* Base */ = {isa = PBXFileReference; lastKnownFileType = file.storyboard; name = Base; path = DouYuZB/Base.lproj/Profile.storyboard; sourceTree = SOURCE_ROOT; };
		44DFD3A4241B8B23002F61AC /* DYHomeViewController.swift */ = {isa = PBXFileReference; lastKnownFileType = sourcecode.swift; path = DYHomeViewController.swift; sourceTree = "<group>"; };
		44DFD3A7241B910C002F61AC /* UIBarButton+Extention.swift */ = {isa = PBXFileReference; lastKnownFileType = sourcecode.swift; path = "UIBarButton+Extention.swift"; sourceTree = "<group>"; };
		5CCDA38E762495981B916D14 /* Pods_DouYuZB.framework */ = {isa = PBXFileReference; explicitFileType = wrapper.framework; includeInIndex = 0; path = Pods_DouYuZB.framework; sourceTree = BUILT_PRODUCTS_DIR; };
		DEC9401BE2AF9BCCAEA556CE /* Pods-DouYuZB.debug.xcconfig */ = {isa = PBXFileReference; includeInIndex = 1; lastKnownFileType = text.xcconfig; name = "Pods-DouYuZB.debug.xcconfig"; path = "Target Support Files/Pods-DouYuZB/Pods-DouYuZB.debug.xcconfig"; sourceTree = "<group>"; };
/* End PBXFileReference section */

/* Begin PBXFrameworksBuildPhase section */
		44DFD3362418DDDE002F61AC /* Frameworks */ = {
			isa = PBXFrameworksBuildPhase;
			buildActionMask = 2147483647;
			files = (
				1D1350D97A9633AEEABDA498 /* Pods_DouYuZB.framework in Frameworks */,
			);
			runOnlyForDeploymentPostprocessing = 0;
		};
/* End PBXFrameworksBuildPhase section */

/* Begin PBXGroup section */
		30B409350CB3349B2CCEA6EC /* Frameworks */ = {
			isa = PBXGroup;
			children = (
				5CCDA38E762495981B916D14 /* Pods_DouYuZB.framework */,
			);
			name = Frameworks;
			sourceTree = "<group>";
		};
		44219F4C24C59CAB0008F7B1 /* Network */ = {
			isa = PBXGroup;
			children = (
				44219F4D24C59CC30008F7B1 /* NetworkTools.swift */,
			);
			path = Network;
			sourceTree = "<group>";
		};
		44219F4F24C5A7400008F7B1 /* ViewModel */ = {
			isa = PBXGroup;
			children = (
				44219F5024C5A7910008F7B1 /* DYRecommendViewModel.swift */,
			);
			path = ViewModel;
			sourceTree = "<group>";
		};
		44DFD3302418DDDE002F61AC = {
			isa = PBXGroup;
			children = (
				44DFD33B2418DDDE002F61AC /* DouYuZB */,
				44DFD33A2418DDDE002F61AC /* Products */,
				8465C5970AFBEA9D6D66CC98 /* Pods */,
				30B409350CB3349B2CCEA6EC /* Frameworks */,
			);
			sourceTree = "<group>";
		};
		44DFD33A2418DDDE002F61AC /* Products */ = {
			isa = PBXGroup;
			children = (
				44DFD3392418DDDE002F61AC /* DouYuZB.app */,
			);
			name = Products;
			sourceTree = "<group>";
		};
		44DFD33B2418DDDE002F61AC /* DouYuZB */ = {
			isa = PBXGroup;
			children = (
				44DFD3502418EBEC002F61AC /* Classes */,
				44DFD33C2418DDDE002F61AC /* AppDelegate.swift */,
				44DFD33E2418DDDE002F61AC /* SceneDelegate.swift */,
				44DFD3452418DDE0002F61AC /* Assets.xcassets */,
				44DFD34A2418DDE0002F61AC /* Info.plist */,
			);
			path = DouYuZB;
			sourceTree = "<group>";
		};
		44DFD3502418EBEC002F61AC /* Classes */ = {
			isa = PBXGroup;
			children = (
				44DFD3512418EC10002F61AC /* Main */,
				44DFD3532418EC25002F61AC /* Home */,
				44DFD3522418EC19002F61AC /* Live */,
				44DFD3542418EC2F002F61AC /* Follow */,
				44DFD3552418EC70002F61AC /* Profile */,
				44DFD3562418EC7C002F61AC /* Tools */,
			);
			path = Classes;
			sourceTree = "<group>";
		};
		44DFD3512418EC10002F61AC /* Main */ = {
			isa = PBXGroup;
			children = (
				44DFD36A2418FB4C002F61AC /* Main.storyboard */,
				44DFD388241B8A77002F61AC /* Controller */,
				44DFD38A241B8A77002F61AC /* Model */,
				44DFD387241B8A77002F61AC /* View */,
			);
			path = Main;
			sourceTree = "<group>";
		};
		44DFD3522418EC19002F61AC /* Live */ = {
			isa = PBXGroup;
			children = (
				44DFD392241B8A9A002F61AC /* Controller */,
				44DFD393241B8A9A002F61AC /* Model */,
				44DFD394241B8A9B002F61AC /* View */,
			);
			path = Live;
			sourceTree = "<group>";
		};
		44DFD3532418EC25002F61AC /* Home */ = {
			isa = PBXGroup;
			children = (
				44219F4F24C5A7400008F7B1 /* ViewModel */,
				44DFD38F241B8A93002F61AC /* Controller */,
				44DFD390241B8A93002F61AC /* Model */,
				44DFD391241B8A93002F61AC /* View */,
			);
			path = Home;
			sourceTree = "<group>";
		};
		44DFD3542418EC2F002F61AC /* Follow */ = {
			isa = PBXGroup;
			children = (
				44DFD38C241B8A89002F61AC /* Controller */,
				44DFD38E241B8A89002F61AC /* Model */,
				44DFD38D241B8A89002F61AC /* View */,
			);
			path = Follow;
			sourceTree = "<group>";
		};
		44DFD3552418EC70002F61AC /* Profile */ = {
			isa = PBXGroup;
			children = (
				44DFD395241B8AA2002F61AC /* Controller */,
				44DFD397241B8AA2002F61AC /* Model */,
				44DFD396241B8AA2002F61AC /* View */,
			);
			path = Profile;
			sourceTree = "<group>";
		};
		44DFD3562418EC7C002F61AC /* Tools */ = {
			isa = PBXGroup;
			children = (
				44219F4C24C59CAB0008F7B1 /* Network */,
				44DFD3A6241B90C1002F61AC /* Extention */,
				44563F7B24B5C41400D75399 /* Common.swift */,
			);
			path = Tools;
			sourceTree = "<group>";
		};
		44DFD387241B8A77002F61AC /* View */ = {
			isa = PBXGroup;
			children = (
				44563F7724B5BE0B00D75399 /* DYPageTitleView.swift */,
				44219F3924B6F60E0008F7B1 /* DYPageContentView.swift */,
				44219F5824C820C20008F7B1 /* DYCollectionBaseCell.swift */,
				44219F4424C580D20008F7B1 /* DYCollectionNormalCell.swift */,
				44219F4524C580D20008F7B1 /* DYCollectionNormalCell.xib */,
				44219F4824C588030008F7B1 /* DYCollectionPrettyCell.swift */,
				44219F4924C588030008F7B1 /* DYCollectionPrettyCell.xib */,
			);
			path = View;
			sourceTree = "<group>";
		};
		44DFD388241B8A77002F61AC /* Controller */ = {
			isa = PBXGroup;
			children = (
				44DFD389241B8A77002F61AC /* DYMainViewController.swift */,
			);
			path = Controller;
			sourceTree = "<group>";
		};
		44DFD38A241B8A77002F61AC /* Model */ = {
			isa = PBXGroup;
			children = (
				44219F5424C6CA3B0008F7B1 /* DYAnchorGroup.swift */,
				44219F5624C6CD2F0008F7B1 /* DYAnchorModel.swift */,
			);
			path = Model;
			sourceTree = "<group>";
		};
		44DFD38C241B8A89002F61AC /* Controller */ = {
			isa = PBXGroup;
			children = (
				44DFD39E241B8AFD002F61AC /* Follow.storyboard */,
			);
			path = Controller;
			sourceTree = "<group>";
		};
		44DFD38D241B8A89002F61AC /* View */ = {
			isa = PBXGroup;
			children = (
			);
			path = View;
			sourceTree = "<group>";
		};
		44DFD38E241B8A89002F61AC /* Model */ = {
			isa = PBXGroup;
			children = (
			);
			path = Model;
			sourceTree = "<group>";
		};
		44DFD38F241B8A93002F61AC /* Controller */ = {
			isa = PBXGroup;
			children = (
				44DFD398241B8AD7002F61AC /* Home.storyboard */,
				44DFD3A4241B8B23002F61AC /* DYHomeViewController.swift */,
				44219F3E24C192FD0008F7B1 /* DYRecommendViewController.swift */,
			);
			path = Controller;
			sourceTree = "<group>";
		};
		44DFD390241B8A93002F61AC /* Model */ = {
			isa = PBXGroup;
			children = (
				4453E00E24CAC58300B35BBB /* DYCycleModel.swift */,
			);
			path = Model;
			sourceTree = "<group>";
		};
		44DFD391241B8A93002F61AC /* View */ = {
			isa = PBXGroup;
			children = (
				44219F4024C57C1E0008F7B1 /* DYCollectionHeaderView.swift */,
				44219F4124C57C1E0008F7B1 /* DYCollectionHeaderView.xib */,
				44219F5A24C824F80008F7B1 /* DYRecommendCycleView.swift */,
				44219F5C24C8251F0008F7B1 /* DYRecommendCycleView.xib */,
			);
			path = View;
			sourceTree = "<group>";
		};
		44DFD392241B8A9A002F61AC /* Controller */ = {
			isa = PBXGroup;
			children = (
				44DFD39B241B8AEB002F61AC /* Live.storyboard */,
			);
			path = Controller;
			sourceTree = "<group>";
		};
		44DFD393241B8A9A002F61AC /* Model */ = {
			isa = PBXGroup;
			children = (
			);
			path = Model;
			sourceTree = "<group>";
		};
		44DFD394241B8A9B002F61AC /* View */ = {
			isa = PBXGroup;
			children = (
			);
			path = View;
			sourceTree = "<group>";
		};
		44DFD395241B8AA2002F61AC /* Controller */ = {
			isa = PBXGroup;
			children = (
				44DFD3A1241B8B0D002F61AC /* Profile.storyboard */,
			);
			path = Controller;
			sourceTree = "<group>";
		};
		44DFD396241B8AA2002F61AC /* View */ = {
			isa = PBXGroup;
			children = (
			);
			path = View;
			sourceTree = "<group>";
		};
		44DFD397241B8AA2002F61AC /* Model */ = {
			isa = PBXGroup;
			children = (
			);
			path = Model;
			sourceTree = "<group>";
		};
		44DFD3A6241B90C1002F61AC /* Extention */ = {
			isa = PBXGroup;
			children = (
				44DFD3A7241B910C002F61AC /* UIBarButton+Extention.swift */,
				44219F3B24B70F270008F7B1 /* UIColor+Extention.swift */,
				44219F5224C6C37C0008F7B1 /* NSDate+Extention.swift */,
			);
			path = Extention;
			sourceTree = "<group>";
		};
		8465C5970AFBEA9D6D66CC98 /* Pods */ = {
			isa = PBXGroup;
			children = (
				DEC9401BE2AF9BCCAEA556CE /* Pods-DouYuZB.debug.xcconfig */,
				1D9B1C51326065F867AB057D /* Pods-DouYuZB.release.xcconfig */,
			);
			path = Pods;
			sourceTree = "<group>";
		};
/* End PBXGroup section */

/* Begin PBXNativeTarget section */
		44DFD3382418DDDE002F61AC /* DouYuZB */ = {
			isa = PBXNativeTarget;
			buildConfigurationList = 44DFD34D2418DDE0002F61AC /* Build configuration list for PBXNativeTarget "DouYuZB" */;
			buildPhases = (
				C25C310A93C3BC8BB213AFC1 /* [CP] Check Pods Manifest.lock */,
				44DFD3352418DDDE002F61AC /* Sources */,
				44DFD3362418DDDE002F61AC /* Frameworks */,
				44DFD3372418DDDE002F61AC /* Resources */,
				795FDA27F5AD30A0F6A1446D /* [CP] Embed Pods Frameworks */,
			);
			buildRules = (
			);
			dependencies = (
			);
			name = DouYuZB;
			productName = DouYuZB;
			productReference = 44DFD3392418DDDE002F61AC /* DouYuZB.app */;
			productType = "com.apple.product-type.application";
		};
/* End PBXNativeTarget section */

/* Begin PBXProject section */
		44DFD3312418DDDE002F61AC /* Project object */ = {
			isa = PBXProject;
			attributes = {
				CLASSPREFIX = DY;
				LastSwiftUpdateCheck = 1130;
				LastUpgradeCheck = 1130;
				ORGANIZATIONNAME = "春晓";
				TargetAttributes = {
					44DFD3382418DDDE002F61AC = {
						CreatedOnToolsVersion = 11.3;
					};
				};
			};
			buildConfigurationList = 44DFD3342418DDDE002F61AC /* Build configuration list for PBXProject "DouYuZB" */;
			compatibilityVersion = "Xcode 9.3";
			developmentRegion = en;
			hasScannedForEncodings = 0;
			knownRegions = (
				en,
				Base,
			);
			mainGroup = 44DFD3302418DDDE002F61AC;
			productRefGroup = 44DFD33A2418DDDE002F61AC /* Products */;
			projectDirPath = "";
			projectRoot = "";
			targets = (
				44DFD3382418DDDE002F61AC /* DouYuZB */,
			);
		};
/* End PBXProject section */

/* Begin PBXResourcesBuildPhase section */
		44DFD3372418DDDE002F61AC /* Resources */ = {
			isa = PBXResourcesBuildPhase;
			buildActionMask = 2147483647;
			files = (
				44DFD3A3241B8B0D002F61AC /* Profile.storyboard in Resources */,
				44DFD3722418FB4C002F61AC /* Main.storyboard in Resources */,
				44DFD3462418DDE0002F61AC /* Assets.xcassets in Resources */,
				44DFD39D241B8AEB002F61AC /* Live.storyboard in Resources */,
				44DFD39A241B8AD7002F61AC /* Home.storyboard in Resources */,
				44219F5D24C8251F0008F7B1 /* DYRecommendCycleView.xib in Resources */,
				44219F4724C580D20008F7B1 /* DYCollectionNormalCell.xib in Resources */,
				44DFD3A0241B8AFD002F61AC /* Follow.storyboard in Resources */,
				44219F4324C57C1E0008F7B1 /* DYCollectionHeaderView.xib in Resources */,
				44219F4B24C588030008F7B1 /* DYCollectionPrettyCell.xib in Resources */,
			);
			runOnlyForDeploymentPostprocessing = 0;
		};
/* End PBXResourcesBuildPhase section */

/* Begin PBXShellScriptBuildPhase section */
		795FDA27F5AD30A0F6A1446D /* [CP] Embed Pods Frameworks */ = {
			isa = PBXShellScriptBuildPhase;
			buildActionMask = 2147483647;
			files = (
			);
			inputFileListPaths = (
				"${PODS_ROOT}/Target Support Files/Pods-DouYuZB/Pods-DouYuZB-frameworks-${CONFIGURATION}-input-files.xcfilelist",
			);
			name = "[CP] Embed Pods Frameworks";
			outputFileListPaths = (
				"${PODS_ROOT}/Target Support Files/Pods-DouYuZB/Pods-DouYuZB-frameworks-${CONFIGURATION}-output-files.xcfilelist",
			);
			runOnlyForDeploymentPostprocessing = 0;
			shellPath = /bin/sh;
			shellScript = "\"${PODS_ROOT}/Target Support Files/Pods-DouYuZB/Pods-DouYuZB-frameworks.sh\"\n";
			showEnvVarsInLog = 0;
		};
		C25C310A93C3BC8BB213AFC1 /* [CP] Check Pods Manifest.lock */ = {
			isa = PBXShellScriptBuildPhase;
			buildActionMask = 2147483647;
			files = (
			);
			inputFileListPaths = (
			);
			inputPaths = (
				"${PODS_PODFILE_DIR_PATH}/Podfile.lock",
				"${PODS_ROOT}/Manifest.lock",
			);
			name = "[CP] Check Pods Manifest.lock";
			outputFileListPaths = (
			);
			outputPaths = (
				"$(DERIVED_FILE_DIR)/Pods-DouYuZB-checkManifestLockResult.txt",
			);
			runOnlyForDeploymentPostprocessing = 0;
			shellPath = /bin/sh;
			shellScript = "diff \"${PODS_PODFILE_DIR_PATH}/Podfile.lock\" \"${PODS_ROOT}/Manifest.lock\" > /dev/null\nif [ $? != 0 ] ; then\n    # print error to STDERR\n    echo \"error: The sandbox is not in sync with the Podfile.lock. Run 'pod install' or update your CocoaPods installation.\" >&2\n    exit 1\nfi\n# This output is used by Xcode 'outputs' to avoid re-running this script phase.\necho \"SUCCESS\" > \"${SCRIPT_OUTPUT_FILE_0}\"\n";
			showEnvVarsInLog = 0;
		};
/* End PBXShellScriptBuildPhase section */

/* Begin PBXSourcesBuildPhase section */
		44DFD3352418DDDE002F61AC /* Sources */ = {
			isa = PBXSourcesBuildPhase;
			buildActionMask = 2147483647;
			files = (
				44219F4E24C59CC30008F7B1 /* NetworkTools.swift in Sources */,
				44219F3F24C192FD0008F7B1 /* DYRecommendViewController.swift in Sources */,
				44219F5124C5A7910008F7B1 /* DYRecommendViewModel.swift in Sources */,
				44219F4624C580D20008F7B1 /* DYCollectionNormalCell.swift in Sources */,
				44DFD33D2418DDDE002F61AC /* AppDelegate.swift in Sources */,
				44563F7824B5BE0B00D75399 /* DYPageTitleView.swift in Sources */,
				44219F3A24B6F60E0008F7B1 /* DYPageContentView.swift in Sources */,
				4453E00F24CAC58300B35BBB /* DYCycleModel.swift in Sources */,
				44219F3C24B70F270008F7B1 /* UIColor+Extention.swift in Sources */,
				44219F5524C6CA3B0008F7B1 /* DYAnchorGroup.swift in Sources */,
				44219F5924C820C20008F7B1 /* DYCollectionBaseCell.swift in Sources */,
				44DFD33F2418DDDE002F61AC /* SceneDelegate.swift in Sources */,
				44219F5324C6C37C0008F7B1 /* NSDate+Extention.swift in Sources */,
				44219F5724C6CD2F0008F7B1 /* DYAnchorModel.swift in Sources */,
				44DFD3A5241B8B23002F61AC /* DYHomeViewController.swift in Sources */,
				44DFD3A8241B910C002F61AC /* UIBarButton+Extention.swift in Sources */,
				44219F4A24C588030008F7B1 /* DYCollectionPrettyCell.swift in Sources */,
				44DFD38B241B8A77002F61AC /* DYMainViewController.swift in Sources */,
				44563F7C24B5C41400D75399 /* Common.swift in Sources */,
				44219F4224C57C1E0008F7B1 /* DYCollectionHeaderView.swift in Sources */,
				44219F5B24C824F80008F7B1 /* DYRecommendCycleView.swift in Sources */,
			);
			runOnlyForDeploymentPostprocessing = 0;
		};
/* End PBXSourcesBuildPhase section */

/* Begin PBXVariantGroup section */
		44DFD36A2418FB4C002F61AC /* Main.storyboard */ = {
			isa = PBXVariantGroup;
			children = (
				44DFD36B2418FB4C002F61AC /* Base */,
			);
			name = Main.storyboard;
			sourceTree = "<group>";
		};
		44DFD398241B8AD7002F61AC /* Home.storyboard */ = {
			isa = PBXVariantGroup;
			children = (
				44DFD399241B8AD7002F61AC /* Base */,
			);
			name = Home.storyboard;
			sourceTree = "<group>";
		};
		44DFD39B241B8AEB002F61AC /* Live.storyboard */ = {
			isa = PBXVariantGroup;
			children = (
				44DFD39C241B8AEB002F61AC /* Base */,
			);
			name = Live.storyboard;
			sourceTree = "<group>";
		};
		44DFD39E241B8AFD002F61AC /* Follow.storyboard */ = {
			isa = PBXVariantGroup;
			children = (
				44DFD39F241B8AFD002F61AC /* Base */,
			);
			name = Follow.storyboard;
			sourceTree = "<group>";
		};
		44DFD3A1241B8B0D002F61AC /* Profile.storyboard */ = {
			isa = PBXVariantGroup;
			children = (
				44DFD3A2241B8B0D002F61AC /* Base */,
			);
			name = Profile.storyboard;
			sourceTree = "<group>";
		};
/* End PBXVariantGroup section */

/* Begin XCBuildConfiguration section */
		44DFD34B2418DDE0002F61AC /* Debug */ = {
			isa = XCBuildConfiguration;
			buildSettings = {
				ALWAYS_SEARCH_USER_PATHS = NO;
				CLANG_ANALYZER_NONNULL = YES;
				CLANG_ANALYZER_NUMBER_OBJECT_CONVERSION = YES_AGGRESSIVE;
				CLANG_CXX_LANGUAGE_STANDARD = "gnu++14";
				CLANG_CXX_LIBRARY = "libc++";
				CLANG_ENABLE_MODULES = YES;
				CLANG_ENABLE_OBJC_ARC = YES;
				CLANG_ENABLE_OBJC_WEAK = YES;
				CLANG_WARN_BLOCK_CAPTURE_AUTORELEASING = YES;
				CLANG_WARN_BOOL_CONVERSION = YES;
				CLANG_WARN_COMMA = YES;
				CLANG_WARN_CONSTANT_CONVERSION = YES;
				CLANG_WARN_DEPRECATED_OBJC_IMPLEMENTATIONS = YES;
				CLANG_WARN_DIRECT_OBJC_ISA_USAGE = YES_ERROR;
				CLANG_WARN_DOCUMENTATION_COMMENTS = YES;
				CLANG_WARN_EMPTY_BODY = YES;
				CLANG_WARN_ENUM_CONVERSION = YES;
				CLANG_WARN_INFINITE_RECURSION = YES;
				CLANG_WARN_INT_CONVERSION = YES;
				CLANG_WARN_NON_LITERAL_NULL_CONVERSION = YES;
				CLANG_WARN_OBJC_IMPLICIT_RETAIN_SELF = YES;
				CLANG_WARN_OBJC_LITERAL_CONVERSION = YES;
				CLANG_WARN_OBJC_ROOT_CLASS = YES_ERROR;
				CLANG_WARN_RANGE_LOOP_ANALYSIS = YES;
				CLANG_WARN_STRICT_PROTOTYPES = YES;
				CLANG_WARN_SUSPICIOUS_MOVE = YES;
				CLANG_WARN_UNGUARDED_AVAILABILITY = YES_AGGRESSIVE;
				CLANG_WARN_UNREACHABLE_CODE = YES;
				CLANG_WARN__DUPLICATE_METHOD_MATCH = YES;
				COPY_PHASE_STRIP = NO;
				DEBUG_INFORMATION_FORMAT = dwarf;
				ENABLE_STRICT_OBJC_MSGSEND = YES;
				ENABLE_TESTABILITY = YES;
				GCC_C_LANGUAGE_STANDARD = gnu11;
				GCC_DYNAMIC_NO_PIC = NO;
				GCC_NO_COMMON_BLOCKS = YES;
				GCC_OPTIMIZATION_LEVEL = 0;
				GCC_PREPROCESSOR_DEFINITIONS = (
					"DEBUG=1",
					"$(inherited)",
				);
				GCC_WARN_64_TO_32_BIT_CONVERSION = YES;
				GCC_WARN_ABOUT_RETURN_TYPE = YES_ERROR;
				GCC_WARN_UNDECLARED_SELECTOR = YES;
				GCC_WARN_UNINITIALIZED_AUTOS = YES_AGGRESSIVE;
				GCC_WARN_UNUSED_FUNCTION = YES;
				GCC_WARN_UNUSED_VARIABLE = YES;
				IPHONEOS_DEPLOYMENT_TARGET = 13.2;
				MTL_ENABLE_DEBUG_INFO = INCLUDE_SOURCE;
				MTL_FAST_MATH = YES;
				ONLY_ACTIVE_ARCH = YES;
				SDKROOT = iphoneos;
				SWIFT_ACTIVE_COMPILATION_CONDITIONS = DEBUG;
				SWIFT_OPTIMIZATION_LEVEL = "-Onone";
			};
			name = Debug;
		};
		44DFD34C2418DDE0002F61AC /* Release */ = {
			isa = XCBuildConfiguration;
			buildSettings = {
				ALWAYS_SEARCH_USER_PATHS = NO;
				CLANG_ANALYZER_NONNULL = YES;
				CLANG_ANALYZER_NUMBER_OBJECT_CONVERSION = YES_AGGRESSIVE;
				CLANG_CXX_LANGUAGE_STANDARD = "gnu++14";
				CLANG_CXX_LIBRARY = "libc++";
				CLANG_ENABLE_MODULES = YES;
				CLANG_ENABLE_OBJC_ARC = YES;
				CLANG_ENABLE_OBJC_WEAK = YES;
				CLANG_WARN_BLOCK_CAPTURE_AUTORELEASING = YES;
				CLANG_WARN_BOOL_CONVERSION = YES;
				CLANG_WARN_COMMA = YES;
				CLANG_WARN_CONSTANT_CONVERSION = YES;
				CLANG_WARN_DEPRECATED_OBJC_IMPLEMENTATIONS = YES;
				CLANG_WARN_DIRECT_OBJC_ISA_USAGE = YES_ERROR;
				CLANG_WARN_DOCUMENTATION_COMMENTS = YES;
				CLANG_WARN_EMPTY_BODY = YES;
				CLANG_WARN_ENUM_CONVERSION = YES;
				CLANG_WARN_INFINITE_RECURSION = YES;
				CLANG_WARN_INT_CONVERSION = YES;
				CLANG_WARN_NON_LITERAL_NULL_CONVERSION = YES;
				CLANG_WARN_OBJC_IMPLICIT_RETAIN_SELF = YES;
				CLANG_WARN_OBJC_LITERAL_CONVERSION = YES;
				CLANG_WARN_OBJC_ROOT_CLASS = YES_ERROR;
				CLANG_WARN_RANGE_LOOP_ANALYSIS = YES;
				CLANG_WARN_STRICT_PROTOTYPES = YES;
				CLANG_WARN_SUSPICIOUS_MOVE = YES;
				CLANG_WARN_UNGUARDED_AVAILABILITY = YES_AGGRESSIVE;
				CLANG_WARN_UNREACHABLE_CODE = YES;
				CLANG_WARN__DUPLICATE_METHOD_MATCH = YES;
				COPY_PHASE_STRIP = NO;
				DEBUG_INFORMATION_FORMAT = "dwarf-with-dsym";
				ENABLE_NS_ASSERTIONS = NO;
				ENABLE_STRICT_OBJC_MSGSEND = YES;
				GCC_C_LANGUAGE_STANDARD = gnu11;
				GCC_NO_COMMON_BLOCKS = YES;
				GCC_WARN_64_TO_32_BIT_CONVERSION = YES;
				GCC_WARN_ABOUT_RETURN_TYPE = YES_ERROR;
				GCC_WARN_UNDECLARED_SELECTOR = YES;
				GCC_WARN_UNINITIALIZED_AUTOS = YES_AGGRESSIVE;
				GCC_WARN_UNUSED_FUNCTION = YES;
				GCC_WARN_UNUSED_VARIABLE = YES;
				IPHONEOS_DEPLOYMENT_TARGET = 13.2;
				MTL_ENABLE_DEBUG_INFO = NO;
				MTL_FAST_MATH = YES;
				SDKROOT = iphoneos;
				SWIFT_COMPILATION_MODE = wholemodule;
				SWIFT_OPTIMIZATION_LEVEL = "-O";
				VALIDATE_PRODUCT = YES;
			};
			name = Release;
		};
		44DFD34E2418DDE0002F61AC /* Debug */ = {
			isa = XCBuildConfiguration;
			baseConfigurationReference = DEC9401BE2AF9BCCAEA556CE /* Pods-DouYuZB.debug.xcconfig */;
			buildSettings = {
				ASSETCATALOG_COMPILER_APPICON_NAME = AppIcon;
				CODE_SIGN_STYLE = Automatic;
				INFOPLIST_FILE = DouYuZB/Info.plist;
				IPHONEOS_DEPLOYMENT_TARGET = 9.0;
				LD_RUNPATH_SEARCH_PATHS = (
					"$(inherited)",
					"@executable_path/Frameworks",
				);
				PRODUCT_BUNDLE_IDENTIFIER = QCX.DouYuZB;
				PRODUCT_NAME = "$(TARGET_NAME)";
				SWIFT_VERSION = 5.0;
				TARGETED_DEVICE_FAMILY = "1,2";
			};
			name = Debug;
		};
		44DFD34F2418DDE0002F61AC /* Release */ = {
			isa = XCBuildConfiguration;
			baseConfigurationReference = 1D9B1C51326065F867AB057D /* Pods-DouYuZB.release.xcconfig */;
			buildSettings = {
				ASSETCATALOG_COMPILER_APPICON_NAME = AppIcon;
				CODE_SIGN_STYLE = Automatic;
				INFOPLIST_FILE = DouYuZB/Info.plist;
				IPHONEOS_DEPLOYMENT_TARGET = 9.0;
				LD_RUNPATH_SEARCH_PATHS = (
					"$(inherited)",
					"@executable_path/Frameworks",
				);
				PRODUCT_BUNDLE_IDENTIFIER = QCX.DouYuZB;
				PRODUCT_NAME = "$(TARGET_NAME)";
				SWIFT_VERSION = 5.0;
				TARGETED_DEVICE_FAMILY = "1,2";
			};
			name = Release;
		};
/* End XCBuildConfiguration section */

/* Begin XCConfigurationList section */
		44DFD3342418DDDE002F61AC /* Build configuration list for PBXProject "DouYuZB" */ = {
			isa = XCConfigurationList;
			buildConfigurations = (
				44DFD34B2418DDE0002F61AC /* Debug */,
				44DFD34C2418DDE0002F61AC /* Release */,
			);
			defaultConfigurationIsVisible = 0;
			defaultConfigurationName = Release;
		};
		44DFD34D2418DDE0002F61AC /* Build configuration list for PBXNativeTarget "DouYuZB" */ = {
			isa = XCConfigurationList;
			buildConfigurations = (
				44DFD34E2418DDE0002F61AC /* Debug */,
				44DFD34F2418DDE0002F61AC /* Release */,
			);
			defaultConfigurationIsVisible = 0;
			defaultConfigurationName = Release;
		};
/* End XCConfigurationList section */
	};
	rootObject = 44DFD3312418DDDE002F61AC /* Project object */;
}
